// !$*UTF8*$!
{
	archiveVersion = 1;
	classes = {
	};
	objectVersion = 50;
	objects = {

/* Begin PBXBuildFile section */
		2C0BE2C82519945F00BE1CB0 /* ProfileViewController.swift in Sources */ = {isa = PBXBuildFile; fileRef = 2C0BE2C72519945F00BE1CB0 /* ProfileViewController.swift */; };
		2C0BE2CD2519948500BE1CB0 /* ProfileCoordinator.swift in Sources */ = {isa = PBXBuildFile; fileRef = 2C0BE2CC2519948500BE1CB0 /* ProfileCoordinator.swift */; };
		2C0D18202542317800C3FA76 /* LogOutTableViewCell.swift in Sources */ = {isa = PBXBuildFile; fileRef = 2C0D181F2542317800C3FA76 /* LogOutTableViewCell.swift */; };
		2C0D18252542378E00C3FA76 /* AboutUsViewController.swift in Sources */ = {isa = PBXBuildFile; fileRef = 2C0D18242542378E00C3FA76 /* AboutUsViewController.swift */; };
		2C0D182A254237C800C3FA76 /* AboutUsCoordinator.swift in Sources */ = {isa = PBXBuildFile; fileRef = 2C0D1829254237C800C3FA76 /* AboutUsCoordinator.swift */; };
		2C2FFCD8251D9895008BE687 /* AccountCoordinator.swift in Sources */ = {isa = PBXBuildFile; fileRef = 2C2FFCD7251D9895008BE687 /* AccountCoordinator.swift */; };
		2C2FFCDD251D98BF008BE687 /* AccountViewController.swift in Sources */ = {isa = PBXBuildFile; fileRef = 2C2FFCDC251D98BF008BE687 /* AccountViewController.swift */; };
		2C31E5F42519720B0068269B /* Coordinator.swift in Sources */ = {isa = PBXBuildFile; fileRef = 2C31E5F32519720B0068269B /* Coordinator.swift */; };
		2C31E5FD251972B00068269B /* LoginViewController.swift in Sources */ = {isa = PBXBuildFile; fileRef = 2C31E5FC251972B00068269B /* LoginViewController.swift */; };
		2C31E606251972F40068269B /* LoginViewModel.swift in Sources */ = {isa = PBXBuildFile; fileRef = 2C31E605251972F40068269B /* LoginViewModel.swift */; };
		2C31E60C2519737A0068269B /* LoginCoordinator.swift in Sources */ = {isa = PBXBuildFile; fileRef = 2C31E60B2519737A0068269B /* LoginCoordinator.swift */; };
		2C31E6112519754B0068269B /* Storyboarded.swift in Sources */ = {isa = PBXBuildFile; fileRef = 2C31E6102519754B0068269B /* Storyboarded.swift */; };
		2C31E616251982550068269B /* HomeViewController.swift in Sources */ = {isa = PBXBuildFile; fileRef = 2C31E615251982550068269B /* HomeViewController.swift */; };
		2C31E61C251982BF0068269B /* MainTabBarController.swift in Sources */ = {isa = PBXBuildFile; fileRef = 2C31E61B251982BF0068269B /* MainTabBarController.swift */; };
		2C31E624251986280068269B /* HomeCoordinator.swift in Sources */ = {isa = PBXBuildFile; fileRef = 2C31E623251986280068269B /* HomeCoordinator.swift */; };
		2C4426E72550B5A300A002A1 /* AboutUsCoordinatorTests.swift in Sources */ = {isa = PBXBuildFile; fileRef = 2C4426E62550B5A300A002A1 /* AboutUsCoordinatorTests.swift */; };
		2C4426EC2550B6A900A002A1 /* CreateAccountViewController.swift in Sources */ = {isa = PBXBuildFile; fileRef = 2C4426EB2550B6A900A002A1 /* CreateAccountViewController.swift */; };
		2C4426F12550B6F800A002A1 /* CreateAccountCoordinator.swift in Sources */ = {isa = PBXBuildFile; fileRef = 2C4426F02550B6F800A002A1 /* CreateAccountCoordinator.swift */; };
		2C4426F62550CA6C00A002A1 /* SendTokensViewController.swift in Sources */ = {isa = PBXBuildFile; fileRef = 2C4426F52550CA6C00A002A1 /* SendTokensViewController.swift */; };
		2C4426FB2550CA8500A002A1 /* SendTokensCoordinator.swift in Sources */ = {isa = PBXBuildFile; fileRef = 2C4426FA2550CA8500A002A1 /* SendTokensCoordinator.swift */; };
		2C4427002550D59800A002A1 /* CreateAccountCoordinatorTests.swift in Sources */ = {isa = PBXBuildFile; fileRef = 2C4426FF2550D59800A002A1 /* CreateAccountCoordinatorTests.swift */; };
		2C4427052550D5F700A002A1 /* SendTokensCoordinatorTests.swift in Sources */ = {isa = PBXBuildFile; fileRef = 2C4427042550D5F700A002A1 /* SendTokensCoordinatorTests.swift */; };
		2C78BB11252E5B320039D942 /* LoginCoordinatorTests.swift in Sources */ = {isa = PBXBuildFile; fileRef = 2C78BB10252E5B320039D942 /* LoginCoordinatorTests.swift */; };
		2C78BB16252FD11D0039D942 /* HomeCoordinatorTests.swift in Sources */ = {isa = PBXBuildFile; fileRef = 2C78BB15252FD11D0039D942 /* HomeCoordinatorTests.swift */; };
		2C78BB1B252FD2A10039D942 /* ProfileCoordinatorTests.swift in Sources */ = {isa = PBXBuildFile; fileRef = 2C78BB1A252FD2A10039D942 /* ProfileCoordinatorTests.swift */; };
		2C78BB20252FD3150039D942 /* AccountCoordinatorTests.swift in Sources */ = {isa = PBXBuildFile; fileRef = 2C78BB1F252FD3150039D942 /* AccountCoordinatorTests.swift */; };
		2C78BB25252FDE2D0039D942 /* Strings.swift in Sources */ = {isa = PBXBuildFile; fileRef = 2C78BB24252FDE2D0039D942 /* Strings.swift */; };
		2C939D5E251AE5CE008B4932 /* AppCoordinator.swift in Sources */ = {isa = PBXBuildFile; fileRef = 2C939D5D251AE5CE008B4932 /* AppCoordinator.swift */; };
		2C9665B3253E793F0067E069 /* HeaderTableViewCell.swift in Sources */ = {isa = PBXBuildFile; fileRef = 2C9665B2253E793F0067E069 /* HeaderTableViewCell.swift */; };
		2C9665BB253E79580067E069 /* ProfileRowTableViewCell.swift in Sources */ = {isa = PBXBuildFile; fileRef = 2C9665BA253E79580067E069 /* ProfileRowTableViewCell.swift */; };
		2C99A361251451E00054D743 /* AppDelegate.swift in Sources */ = {isa = PBXBuildFile; fileRef = 2C99A360251451E00054D743 /* AppDelegate.swift */; };
		2C99A363251451E00054D743 /* SceneDelegate.swift in Sources */ = {isa = PBXBuildFile; fileRef = 2C99A362251451E00054D743 /* SceneDelegate.swift */; };
		2C99A368251451E00054D743 /* Main.storyboard in Resources */ = {isa = PBXBuildFile; fileRef = 2C99A366251451E00054D743 /* Main.storyboard */; };
		2C99A36A251451E20054D743 /* Assets.xcassets in Resources */ = {isa = PBXBuildFile; fileRef = 2C99A369251451E20054D743 /* Assets.xcassets */; };
		2C99A36D251451E20054D743 /* LaunchScreen.storyboard in Resources */ = {isa = PBXBuildFile; fileRef = 2C99A36B251451E20054D743 /* LaunchScreen.storyboard */; };
		2C99A378251451E20054D743 /* ThankYouTokensTests.swift in Sources */ = {isa = PBXBuildFile; fileRef = 2C99A377251451E20054D743 /* ThankYouTokensTests.swift */; };
		2C99A383251451E20054D743 /* ThankYouTokensUITests.swift in Sources */ = {isa = PBXBuildFile; fileRef = 2C99A382251451E20054D743 /* ThankYouTokensUITests.swift */; };
		2CBD339A2521807400D4D77A /* AppCoordinatorTests.swift in Sources */ = {isa = PBXBuildFile; fileRef = 2CBD33992521807400D4D77A /* AppCoordinatorTests.swift */; };
		2CF178CC252BC2C200D40D62 /* UIColor.swift in Sources */ = {isa = PBXBuildFile; fileRef = 2CF178CB252BC2C200D40D62 /* UIColor.swift */; };
/* End PBXBuildFile section */

/* Begin PBXContainerItemProxy section */
		2C99A374251451E20054D743 /* PBXContainerItemProxy */ = {
			isa = PBXContainerItemProxy;
			containerPortal = 2C99A355251451E00054D743 /* Project object */;
			proxyType = 1;
			remoteGlobalIDString = 2C99A35C251451E00054D743;
			remoteInfo = ThankYouTokens;
		};
		2C99A37F251451E20054D743 /* PBXContainerItemProxy */ = {
			isa = PBXContainerItemProxy;
			containerPortal = 2C99A355251451E00054D743 /* Project object */;
			proxyType = 1;
			remoteGlobalIDString = 2C99A35C251451E00054D743;
			remoteInfo = ThankYouTokens;
		};
/* End PBXContainerItemProxy section */

/* Begin PBXFileReference section */
		2C0BE2C72519945F00BE1CB0 /* ProfileViewController.swift */ = {isa = PBXFileReference; lastKnownFileType = sourcecode.swift; path = ProfileViewController.swift; sourceTree = "<group>"; };
		2C0BE2CC2519948500BE1CB0 /* ProfileCoordinator.swift */ = {isa = PBXFileReference; lastKnownFileType = sourcecode.swift; path = ProfileCoordinator.swift; sourceTree = "<group>"; };
		2C0D181F2542317800C3FA76 /* LogOutTableViewCell.swift */ = {isa = PBXFileReference; lastKnownFileType = sourcecode.swift; path = LogOutTableViewCell.swift; sourceTree = "<group>"; };
		2C0D18242542378E00C3FA76 /* AboutUsViewController.swift */ = {isa = PBXFileReference; lastKnownFileType = sourcecode.swift; path = AboutUsViewController.swift; sourceTree = "<group>"; };
		2C0D1829254237C800C3FA76 /* AboutUsCoordinator.swift */ = {isa = PBXFileReference; lastKnownFileType = sourcecode.swift; path = AboutUsCoordinator.swift; sourceTree = "<group>"; };
		2C2FFCD7251D9895008BE687 /* AccountCoordinator.swift */ = {isa = PBXFileReference; lastKnownFileType = sourcecode.swift; path = AccountCoordinator.swift; sourceTree = "<group>"; };
		2C2FFCDC251D98BF008BE687 /* AccountViewController.swift */ = {isa = PBXFileReference; lastKnownFileType = sourcecode.swift; path = AccountViewController.swift; sourceTree = "<group>"; };
		2C31E5F32519720B0068269B /* Coordinator.swift */ = {isa = PBXFileReference; lastKnownFileType = sourcecode.swift; path = Coordinator.swift; sourceTree = "<group>"; };
		2C31E5FC251972B00068269B /* LoginViewController.swift */ = {isa = PBXFileReference; lastKnownFileType = sourcecode.swift; path = LoginViewController.swift; sourceTree = "<group>"; };
		2C31E605251972F40068269B /* LoginViewModel.swift */ = {isa = PBXFileReference; lastKnownFileType = sourcecode.swift; path = LoginViewModel.swift; sourceTree = "<group>"; };
		2C31E60B2519737A0068269B /* LoginCoordinator.swift */ = {isa = PBXFileReference; lastKnownFileType = sourcecode.swift; path = LoginCoordinator.swift; sourceTree = "<group>"; };
		2C31E6102519754B0068269B /* Storyboarded.swift */ = {isa = PBXFileReference; lastKnownFileType = sourcecode.swift; path = Storyboarded.swift; sourceTree = "<group>"; };
		2C31E615251982550068269B /* HomeViewController.swift */ = {isa = PBXFileReference; lastKnownFileType = sourcecode.swift; path = HomeViewController.swift; sourceTree = "<group>"; };
		2C31E61B251982BF0068269B /* MainTabBarController.swift */ = {isa = PBXFileReference; lastKnownFileType = sourcecode.swift; path = MainTabBarController.swift; sourceTree = "<group>"; };
		2C31E623251986280068269B /* HomeCoordinator.swift */ = {isa = PBXFileReference; lastKnownFileType = sourcecode.swift; path = HomeCoordinator.swift; sourceTree = "<group>"; };
		2C4426E62550B5A300A002A1 /* AboutUsCoordinatorTests.swift */ = {isa = PBXFileReference; lastKnownFileType = sourcecode.swift; path = AboutUsCoordinatorTests.swift; sourceTree = "<group>"; };
		2C4426EB2550B6A900A002A1 /* CreateAccountViewController.swift */ = {isa = PBXFileReference; lastKnownFileType = sourcecode.swift; path = CreateAccountViewController.swift; sourceTree = "<group>"; };
		2C4426F02550B6F800A002A1 /* CreateAccountCoordinator.swift */ = {isa = PBXFileReference; lastKnownFileType = sourcecode.swift; path = CreateAccountCoordinator.swift; sourceTree = "<group>"; };
		2C4426F52550CA6C00A002A1 /* SendTokensViewController.swift */ = {isa = PBXFileReference; lastKnownFileType = sourcecode.swift; path = SendTokensViewController.swift; sourceTree = "<group>"; };
		2C4426FA2550CA8500A002A1 /* SendTokensCoordinator.swift */ = {isa = PBXFileReference; lastKnownFileType = sourcecode.swift; path = SendTokensCoordinator.swift; sourceTree = "<group>"; };
		2C4426FF2550D59800A002A1 /* CreateAccountCoordinatorTests.swift */ = {isa = PBXFileReference; lastKnownFileType = sourcecode.swift; path = CreateAccountCoordinatorTests.swift; sourceTree = "<group>"; };
		2C4427042550D5F700A002A1 /* SendTokensCoordinatorTests.swift */ = {isa = PBXFileReference; lastKnownFileType = sourcecode.swift; path = SendTokensCoordinatorTests.swift; sourceTree = "<group>"; };
		2C78BB10252E5B320039D942 /* LoginCoordinatorTests.swift */ = {isa = PBXFileReference; lastKnownFileType = sourcecode.swift; path = LoginCoordinatorTests.swift; sourceTree = "<group>"; };
		2C78BB15252FD11D0039D942 /* HomeCoordinatorTests.swift */ = {isa = PBXFileReference; lastKnownFileType = sourcecode.swift; path = HomeCoordinatorTests.swift; sourceTree = "<group>"; };
		2C78BB1A252FD2A10039D942 /* ProfileCoordinatorTests.swift */ = {isa = PBXFileReference; lastKnownFileType = sourcecode.swift; path = ProfileCoordinatorTests.swift; sourceTree = "<group>"; };
		2C78BB1F252FD3150039D942 /* AccountCoordinatorTests.swift */ = {isa = PBXFileReference; lastKnownFileType = sourcecode.swift; path = AccountCoordinatorTests.swift; sourceTree = "<group>"; };
		2C78BB24252FDE2D0039D942 /* Strings.swift */ = {isa = PBXFileReference; lastKnownFileType = sourcecode.swift; path = Strings.swift; sourceTree = "<group>"; };
		2C939D5D251AE5CE008B4932 /* AppCoordinator.swift */ = {isa = PBXFileReference; lastKnownFileType = sourcecode.swift; path = AppCoordinator.swift; sourceTree = "<group>"; };
		2C9665B2253E793F0067E069 /* HeaderTableViewCell.swift */ = {isa = PBXFileReference; lastKnownFileType = sourcecode.swift; path = HeaderTableViewCell.swift; sourceTree = "<group>"; };
		2C9665BA253E79580067E069 /* ProfileRowTableViewCell.swift */ = {isa = PBXFileReference; lastKnownFileType = sourcecode.swift; path = ProfileRowTableViewCell.swift; sourceTree = "<group>"; };
		2C99A35D251451E00054D743 /* ThankYouTokens.app */ = {isa = PBXFileReference; explicitFileType = wrapper.application; includeInIndex = 0; path = ThankYouTokens.app; sourceTree = BUILT_PRODUCTS_DIR; };
		2C99A360251451E00054D743 /* AppDelegate.swift */ = {isa = PBXFileReference; lastKnownFileType = sourcecode.swift; path = AppDelegate.swift; sourceTree = "<group>"; };
		2C99A362251451E00054D743 /* SceneDelegate.swift */ = {isa = PBXFileReference; lastKnownFileType = sourcecode.swift; path = SceneDelegate.swift; sourceTree = "<group>"; };
		2C99A367251451E00054D743 /* Base */ = {isa = PBXFileReference; lastKnownFileType = file.storyboard; name = Base; path = Base.lproj/Main.storyboard; sourceTree = "<group>"; };
		2C99A369251451E20054D743 /* Assets.xcassets */ = {isa = PBXFileReference; lastKnownFileType = folder.assetcatalog; path = Assets.xcassets; sourceTree = "<group>"; };
		2C99A36C251451E20054D743 /* Base */ = {isa = PBXFileReference; lastKnownFileType = file.storyboard; name = Base; path = Base.lproj/LaunchScreen.storyboard; sourceTree = "<group>"; };
		2C99A36E251451E20054D743 /* Info.plist */ = {isa = PBXFileReference; lastKnownFileType = text.plist.xml; path = Info.plist; sourceTree = "<group>"; };
		2C99A373251451E20054D743 /* ThankYouTokensTests.xctest */ = {isa = PBXFileReference; explicitFileType = wrapper.cfbundle; includeInIndex = 0; path = ThankYouTokensTests.xctest; sourceTree = BUILT_PRODUCTS_DIR; };
		2C99A377251451E20054D743 /* ThankYouTokensTests.swift */ = {isa = PBXFileReference; lastKnownFileType = sourcecode.swift; path = ThankYouTokensTests.swift; sourceTree = "<group>"; };
		2C99A379251451E20054D743 /* Info.plist */ = {isa = PBXFileReference; lastKnownFileType = text.plist.xml; path = Info.plist; sourceTree = "<group>"; };
		2C99A37E251451E20054D743 /* ThankYouTokensUITests.xctest */ = {isa = PBXFileReference; explicitFileType = wrapper.cfbundle; includeInIndex = 0; path = ThankYouTokensUITests.xctest; sourceTree = BUILT_PRODUCTS_DIR; };
		2C99A382251451E20054D743 /* ThankYouTokensUITests.swift */ = {isa = PBXFileReference; lastKnownFileType = sourcecode.swift; path = ThankYouTokensUITests.swift; sourceTree = "<group>"; };
		2C99A384251451E20054D743 /* Info.plist */ = {isa = PBXFileReference; lastKnownFileType = text.plist.xml; path = Info.plist; sourceTree = "<group>"; };
		2CBD33992521807400D4D77A /* AppCoordinatorTests.swift */ = {isa = PBXFileReference; lastKnownFileType = sourcecode.swift; path = AppCoordinatorTests.swift; sourceTree = "<group>"; };
		2CF178CB252BC2C200D40D62 /* UIColor.swift */ = {isa = PBXFileReference; lastKnownFileType = sourcecode.swift; path = UIColor.swift; sourceTree = "<group>"; };
/* End PBXFileReference section */

/* Begin PBXFrameworksBuildPhase section */
		2C99A35A251451E00054D743 /* Frameworks */ = {
			isa = PBXFrameworksBuildPhase;
			buildActionMask = 2147483647;
			files = (
			);
			runOnlyForDeploymentPostprocessing = 0;
		};
		2C99A370251451E20054D743 /* Frameworks */ = {
			isa = PBXFrameworksBuildPhase;
			buildActionMask = 2147483647;
			files = (
			);
			runOnlyForDeploymentPostprocessing = 0;
		};
		2C99A37B251451E20054D743 /* Frameworks */ = {
			isa = PBXFrameworksBuildPhase;
			buildActionMask = 2147483647;
			files = (
			);
			runOnlyForDeploymentPostprocessing = 0;
		};
/* End PBXFrameworksBuildPhase section */

/* Begin PBXGroup section */
		2C0BE2BF2519928800BE1CB0 /* AppItems */ = {
			isa = PBXGroup;
			children = (
				2C99A360251451E00054D743 /* AppDelegate.swift */,
				2C99A362251451E00054D743 /* SceneDelegate.swift */,
			);
			path = AppItems;
			sourceTree = "<group>";
		};
		2C0BE2C0251992B100BE1CB0 /* MainTabBar */ = {
			isa = PBXGroup;
			children = (
				2C31E61B251982BF0068269B /* MainTabBarController.swift */,
			);
			path = MainTabBar;
			sourceTree = "<group>";
		};
		2C2FFCD1251D92CF008BE687 /* Extensions */ = {
			isa = PBXGroup;
			children = (
				2CF178CB252BC2C200D40D62 /* UIColor.swift */,
			);
			path = Extensions;
			sourceTree = "<group>";
		};
		2C31E5FB2519729C0068269B /* ViewControllers */ = {
			isa = PBXGroup;
			children = (
				2C31E5FC251972B00068269B /* LoginViewController.swift */,
				2C31E615251982550068269B /* HomeViewController.swift */,
				2C0BE2C72519945F00BE1CB0 /* ProfileViewController.swift */,
				2C2FFCDC251D98BF008BE687 /* AccountViewController.swift */,
				2C0D18242542378E00C3FA76 /* AboutUsViewController.swift */,
				2C4426EB2550B6A900A002A1 /* CreateAccountViewController.swift */,
				2C4426F52550CA6C00A002A1 /* SendTokensViewController.swift */,
			);
			path = ViewControllers;
			sourceTree = "<group>";
		};
		2C31E604251972C90068269B /* ViewModels */ = {
			isa = PBXGroup;
			children = (
				2C31E605251972F40068269B /* LoginViewModel.swift */,
			);
			path = ViewModels;
			sourceTree = "<group>";
		};
		2C31E60A251973610068269B /* Coordinators */ = {
			isa = PBXGroup;
			children = (
				2C31E60B2519737A0068269B /* LoginCoordinator.swift */,
				2C31E623251986280068269B /* HomeCoordinator.swift */,
				2C31E5F32519720B0068269B /* Coordinator.swift */,
				2C31E6102519754B0068269B /* Storyboarded.swift */,
				2C0BE2CC2519948500BE1CB0 /* ProfileCoordinator.swift */,
				2C939D5D251AE5CE008B4932 /* AppCoordinator.swift */,
				2C2FFCD7251D9895008BE687 /* AccountCoordinator.swift */,
				2C0D1829254237C800C3FA76 /* AboutUsCoordinator.swift */,
				2C4426F02550B6F800A002A1 /* CreateAccountCoordinator.swift */,
				2C4426FA2550CA8500A002A1 /* SendTokensCoordinator.swift */,
			);
			path = Coordinators;
			sourceTree = "<group>";
		};
		2C9665B1253E791E0067E069 /* TableViewCells */ = {
			isa = PBXGroup;
			children = (
				2C9665B2253E793F0067E069 /* HeaderTableViewCell.swift */,
				2C9665BA253E79580067E069 /* ProfileRowTableViewCell.swift */,
				2C0D181F2542317800C3FA76 /* LogOutTableViewCell.swift */,
			);
			path = TableViewCells;
			sourceTree = "<group>";
		};
		2C99A354251451E00054D743 = {
			isa = PBXGroup;
			children = (
				2C99A35F251451E00054D743 /* ThankYouTokens */,
				2C99A376251451E20054D743 /* ThankYouTokensTests */,
				2C99A381251451E20054D743 /* ThankYouTokensUITests */,
				2C99A35E251451E00054D743 /* Products */,
			);
			sourceTree = "<group>";
		};
		2C99A35E251451E00054D743 /* Products */ = {
			isa = PBXGroup;
			children = (
				2C99A35D251451E00054D743 /* ThankYouTokens.app */,
				2C99A373251451E20054D743 /* ThankYouTokensTests.xctest */,
				2C99A37E251451E20054D743 /* ThankYouTokensUITests.xctest */,
			);
			name = Products;
			sourceTree = "<group>";
		};
		2C99A35F251451E00054D743 /* ThankYouTokens */ = {
			isa = PBXGroup;
			children = (
				2C9665B1253E791E0067E069 /* TableViewCells */,
				2C2FFCD1251D92CF008BE687 /* Extensions */,
				2C0BE2C0251992B100BE1CB0 /* MainTabBar */,
				2C0BE2BF2519928800BE1CB0 /* AppItems */,
				2C31E60A251973610068269B /* Coordinators */,
				2C31E604251972C90068269B /* ViewModels */,
				2C31E5FB2519729C0068269B /* ViewControllers */,
				2C99A366251451E00054D743 /* Main.storyboard */,
				2C99A369251451E20054D743 /* Assets.xcassets */,
				2C99A36B251451E20054D743 /* LaunchScreen.storyboard */,
				2C99A36E251451E20054D743 /* Info.plist */,
				2C78BB24252FDE2D0039D942 /* Strings.swift */,
			);
			path = ThankYouTokens;
			sourceTree = "<group>";
		};
		2C99A376251451E20054D743 /* ThankYouTokensTests */ = {
			isa = PBXGroup;
			children = (
				2C99A377251451E20054D743 /* ThankYouTokensTests.swift */,
				2C99A379251451E20054D743 /* Info.plist */,
				2CBD33992521807400D4D77A /* AppCoordinatorTests.swift */,
				2C78BB10252E5B320039D942 /* LoginCoordinatorTests.swift */,
				2C78BB15252FD11D0039D942 /* HomeCoordinatorTests.swift */,
				2C78BB1A252FD2A10039D942 /* ProfileCoordinatorTests.swift */,
				2C78BB1F252FD3150039D942 /* AccountCoordinatorTests.swift */,
				2C4426E62550B5A300A002A1 /* AboutUsCoordinatorTests.swift */,
				2C4426FF2550D59800A002A1 /* CreateAccountCoordinatorTests.swift */,
				2C4427042550D5F700A002A1 /* SendTokensCoordinatorTests.swift */,
			);
			path = ThankYouTokensTests;
			sourceTree = "<group>";
		};
		2C99A381251451E20054D743 /* ThankYouTokensUITests */ = {
			isa = PBXGroup;
			children = (
				2C99A382251451E20054D743 /* ThankYouTokensUITests.swift */,
				2C99A384251451E20054D743 /* Info.plist */,
			);
			path = ThankYouTokensUITests;
			sourceTree = "<group>";
		};
/* End PBXGroup section */

/* Begin PBXNativeTarget section */
		2C99A35C251451E00054D743 /* ThankYouTokens */ = {
			isa = PBXNativeTarget;
			buildConfigurationList = 2C99A387251451E20054D743 /* Build configuration list for PBXNativeTarget "ThankYouTokens" */;
			buildPhases = (
				2C99A359251451E00054D743 /* Sources */,
				2C99A35A251451E00054D743 /* Frameworks */,
				2C99A35B251451E00054D743 /* Resources */,
			);
			buildRules = (
			);
			dependencies = (
			);
			name = ThankYouTokens;
			productName = ThankYouTokens;
			productReference = 2C99A35D251451E00054D743 /* ThankYouTokens.app */;
			productType = "com.apple.product-type.application";
		};
		2C99A372251451E20054D743 /* ThankYouTokensTests */ = {
			isa = PBXNativeTarget;
			buildConfigurationList = 2C99A38A251451E20054D743 /* Build configuration list for PBXNativeTarget "ThankYouTokensTests" */;
			buildPhases = (
				2C99A36F251451E20054D743 /* Sources */,
				2C99A370251451E20054D743 /* Frameworks */,
				2C99A371251451E20054D743 /* Resources */,
			);
			buildRules = (
			);
			dependencies = (
				2C99A375251451E20054D743 /* PBXTargetDependency */,
			);
			name = ThankYouTokensTests;
			productName = ThankYouTokensTests;
			productReference = 2C99A373251451E20054D743 /* ThankYouTokensTests.xctest */;
			productType = "com.apple.product-type.bundle.unit-test";
		};
		2C99A37D251451E20054D743 /* ThankYouTokensUITests */ = {
			isa = PBXNativeTarget;
			buildConfigurationList = 2C99A38D251451E20054D743 /* Build configuration list for PBXNativeTarget "ThankYouTokensUITests" */;
			buildPhases = (
				2C99A37A251451E20054D743 /* Sources */,
				2C99A37B251451E20054D743 /* Frameworks */,
				2C99A37C251451E20054D743 /* Resources */,
			);
			buildRules = (
			);
			dependencies = (
				2C99A380251451E20054D743 /* PBXTargetDependency */,
			);
			name = ThankYouTokensUITests;
			productName = ThankYouTokensUITests;
			productReference = 2C99A37E251451E20054D743 /* ThankYouTokensUITests.xctest */;
			productType = "com.apple.product-type.bundle.ui-testing";
		};
/* End PBXNativeTarget section */

/* Begin PBXProject section */
		2C99A355251451E00054D743 /* Project object */ = {
			isa = PBXProject;
			attributes = {
				LastSwiftUpdateCheck = 1200;
				LastUpgradeCheck = 1200;
				TargetAttributes = {
					2C99A35C251451E00054D743 = {
						CreatedOnToolsVersion = 12.0;
					};
					2C99A372251451E20054D743 = {
						CreatedOnToolsVersion = 12.0;
						TestTargetID = 2C99A35C251451E00054D743;
					};
					2C99A37D251451E20054D743 = {
						CreatedOnToolsVersion = 12.0;
						TestTargetID = 2C99A35C251451E00054D743;
					};
				};
			};
			buildConfigurationList = 2C99A358251451E00054D743 /* Build configuration list for PBXProject "ThankYouTokens" */;
			compatibilityVersion = "Xcode 9.3";
			developmentRegion = en;
			hasScannedForEncodings = 0;
			knownRegions = (
				en,
				Base,
			);
			mainGroup = 2C99A354251451E00054D743;
			productRefGroup = 2C99A35E251451E00054D743 /* Products */;
			projectDirPath = "";
			projectRoot = "";
			targets = (
				2C99A35C251451E00054D743 /* ThankYouTokens */,
				2C99A372251451E20054D743 /* ThankYouTokensTests */,
				2C99A37D251451E20054D743 /* ThankYouTokensUITests */,
			);
		};
/* End PBXProject section */

/* Begin PBXResourcesBuildPhase section */
		2C99A35B251451E00054D743 /* Resources */ = {
			isa = PBXResourcesBuildPhase;
			buildActionMask = 2147483647;
			files = (
				2C99A36D251451E20054D743 /* LaunchScreen.storyboard in Resources */,
				2C99A36A251451E20054D743 /* Assets.xcassets in Resources */,
				2C99A368251451E00054D743 /* Main.storyboard in Resources */,
			);
			runOnlyForDeploymentPostprocessing = 0;
		};
		2C99A371251451E20054D743 /* Resources */ = {
			isa = PBXResourcesBuildPhase;
			buildActionMask = 2147483647;
			files = (
			);
			runOnlyForDeploymentPostprocessing = 0;
		};
		2C99A37C251451E20054D743 /* Resources */ = {
			isa = PBXResourcesBuildPhase;
			buildActionMask = 2147483647;
			files = (
			);
			runOnlyForDeploymentPostprocessing = 0;
		};
/* End PBXResourcesBuildPhase section */

/* Begin PBXSourcesBuildPhase section */
		2C99A359251451E00054D743 /* Sources */ = {
			isa = PBXSourcesBuildPhase;
			buildActionMask = 2147483647;
			files = (
				2C4426FB2550CA8500A002A1 /* SendTokensCoordinator.swift in Sources */,
				2C31E60C2519737A0068269B /* LoginCoordinator.swift in Sources */,
				2C31E5FD251972B00068269B /* LoginViewController.swift in Sources */,
				2C0D182A254237C800C3FA76 /* AboutUsCoordinator.swift in Sources */,
				2C2FFCDD251D98BF008BE687 /* AccountViewController.swift in Sources */,
				2C939D5E251AE5CE008B4932 /* AppCoordinator.swift in Sources */,
				2C0D18252542378E00C3FA76 /* AboutUsViewController.swift in Sources */,
				2C31E61C251982BF0068269B /* MainTabBarController.swift in Sources */,
				2C0D18202542317800C3FA76 /* LogOutTableViewCell.swift in Sources */,
				2CF178CC252BC2C200D40D62 /* UIColor.swift in Sources */,
				2C31E5F42519720B0068269B /* Coordinator.swift in Sources */,
				2C0BE2CD2519948500BE1CB0 /* ProfileCoordinator.swift in Sources */,
				2C31E616251982550068269B /* HomeViewController.swift in Sources */,
				2C99A361251451E00054D743 /* AppDelegate.swift in Sources */,
				2C9665BB253E79580067E069 /* ProfileRowTableViewCell.swift in Sources */,
				2C4426F12550B6F800A002A1 /* CreateAccountCoordinator.swift in Sources */,
				2C4426EC2550B6A900A002A1 /* CreateAccountViewController.swift in Sources */,
				2C9665B3253E793F0067E069 /* HeaderTableViewCell.swift in Sources */,
				2C0BE2C82519945F00BE1CB0 /* ProfileViewController.swift in Sources */,
				2C31E606251972F40068269B /* LoginViewModel.swift in Sources */,
				2C78BB25252FDE2D0039D942 /* Strings.swift in Sources */,
				2C31E624251986280068269B /* HomeCoordinator.swift in Sources */,
				2C99A363251451E00054D743 /* SceneDelegate.swift in Sources */,
				2C31E6112519754B0068269B /* Storyboarded.swift in Sources */,
				2C4426F62550CA6C00A002A1 /* SendTokensViewController.swift in Sources */,
				2C2FFCD8251D9895008BE687 /* AccountCoordinator.swift in Sources */,
			);
			runOnlyForDeploymentPostprocessing = 0;
		};
		2C99A36F251451E20054D743 /* Sources */ = {
			isa = PBXSourcesBuildPhase;
			buildActionMask = 2147483647;
			files = (
				2CBD339A2521807400D4D77A /* AppCoordinatorTests.swift in Sources */,
				2C4426E72550B5A300A002A1 /* AboutUsCoordinatorTests.swift in Sources */,
				2C78BB16252FD11D0039D942 /* HomeCoordinatorTests.swift in Sources */,
				2C4427052550D5F700A002A1 /* SendTokensCoordinatorTests.swift in Sources */,
				2C78BB11252E5B320039D942 /* LoginCoordinatorTests.swift in Sources */,
				2C78BB1B252FD2A10039D942 /* ProfileCoordinatorTests.swift in Sources */,
				2C78BB20252FD3150039D942 /* AccountCoordinatorTests.swift in Sources */,
				2C4427002550D59800A002A1 /* CreateAccountCoordinatorTests.swift in Sources */,
				2C99A378251451E20054D743 /* ThankYouTokensTests.swift in Sources */,
			);
			runOnlyForDeploymentPostprocessing = 0;
		};
		2C99A37A251451E20054D743 /* Sources */ = {
			isa = PBXSourcesBuildPhase;
			buildActionMask = 2147483647;
			files = (
				2C99A383251451E20054D743 /* ThankYouTokensUITests.swift in Sources */,
			);
			runOnlyForDeploymentPostprocessing = 0;
		};
/* End PBXSourcesBuildPhase section */

/* Begin PBXTargetDependency section */
		2C99A375251451E20054D743 /* PBXTargetDependency */ = {
			isa = PBXTargetDependency;
			target = 2C99A35C251451E00054D743 /* ThankYouTokens */;
			targetProxy = 2C99A374251451E20054D743 /* PBXContainerItemProxy */;
		};
		2C99A380251451E20054D743 /* PBXTargetDependency */ = {
			isa = PBXTargetDependency;
			target = 2C99A35C251451E00054D743 /* ThankYouTokens */;
			targetProxy = 2C99A37F251451E20054D743 /* PBXContainerItemProxy */;
		};
/* End PBXTargetDependency section */

/* Begin PBXVariantGroup section */
		2C99A366251451E00054D743 /* Main.storyboard */ = {
			isa = PBXVariantGroup;
			children = (
				2C99A367251451E00054D743 /* Base */,
			);
			name = Main.storyboard;
			sourceTree = "<group>";
		};
		2C99A36B251451E20054D743 /* LaunchScreen.storyboard */ = {
			isa = PBXVariantGroup;
			children = (
				2C99A36C251451E20054D743 /* Base */,
			);
			name = LaunchScreen.storyboard;
			sourceTree = "<group>";
		};
/* End PBXVariantGroup section */

/* Begin XCBuildConfiguration section */
		2C99A385251451E20054D743 /* Debug */ = {
			isa = XCBuildConfiguration;
			buildSettings = {
				ALWAYS_SEARCH_USER_PATHS = NO;
				CLANG_ANALYZER_NONNULL = YES;
				CLANG_ANALYZER_NUMBER_OBJECT_CONVERSION = YES_AGGRESSIVE;
				CLANG_CXX_LANGUAGE_STANDARD = "gnu++14";
				CLANG_CXX_LIBRARY = "libc++";
				CLANG_ENABLE_MODULES = YES;
				CLANG_ENABLE_OBJC_ARC = YES;
				CLANG_ENABLE_OBJC_WEAK = YES;
				CLANG_WARN_BLOCK_CAPTURE_AUTORELEASING = YES;
				CLANG_WARN_BOOL_CONVERSION = YES;
				CLANG_WARN_COMMA = YES;
				CLANG_WARN_CONSTANT_CONVERSION = YES;
				CLANG_WARN_DEPRECATED_OBJC_IMPLEMENTATIONS = YES;
				CLANG_WARN_DIRECT_OBJC_ISA_USAGE = YES_ERROR;
				CLANG_WARN_DOCUMENTATION_COMMENTS = YES;
				CLANG_WARN_EMPTY_BODY = YES;
				CLANG_WARN_ENUM_CONVERSION = YES;
				CLANG_WARN_INFINITE_RECURSION = YES;
				CLANG_WARN_INT_CONVERSION = YES;
				CLANG_WARN_NON_LITERAL_NULL_CONVERSION = YES;
				CLANG_WARN_OBJC_IMPLICIT_RETAIN_SELF = YES;
				CLANG_WARN_OBJC_LITERAL_CONVERSION = YES;
				CLANG_WARN_OBJC_ROOT_CLASS = YES_ERROR;
				CLANG_WARN_QUOTED_INCLUDE_IN_FRAMEWORK_HEADER = YES;
				CLANG_WARN_RANGE_LOOP_ANALYSIS = YES;
				CLANG_WARN_STRICT_PROTOTYPES = YES;
				CLANG_WARN_SUSPICIOUS_MOVE = YES;
				CLANG_WARN_UNGUARDED_AVAILABILITY = YES_AGGRESSIVE;
				CLANG_WARN_UNREACHABLE_CODE = YES;
				CLANG_WARN__DUPLICATE_METHOD_MATCH = YES;
				COPY_PHASE_STRIP = NO;
				DEBUG_INFORMATION_FORMAT = dwarf;
				ENABLE_STRICT_OBJC_MSGSEND = YES;
				ENABLE_TESTABILITY = YES;
				GCC_C_LANGUAGE_STANDARD = gnu11;
				GCC_DYNAMIC_NO_PIC = NO;
				GCC_NO_COMMON_BLOCKS = YES;
				GCC_OPTIMIZATION_LEVEL = 0;
				GCC_PREPROCESSOR_DEFINITIONS = (
					"DEBUG=1",
					"$(inherited)",
				);
				GCC_WARN_64_TO_32_BIT_CONVERSION = YES;
				GCC_WARN_ABOUT_RETURN_TYPE = YES_ERROR;
				GCC_WARN_UNDECLARED_SELECTOR = YES;
				GCC_WARN_UNINITIALIZED_AUTOS = YES_AGGRESSIVE;
				GCC_WARN_UNUSED_FUNCTION = YES;
				GCC_WARN_UNUSED_VARIABLE = YES;
				IPHONEOS_DEPLOYMENT_TARGET = 14.0;
				MTL_ENABLE_DEBUG_INFO = INCLUDE_SOURCE;
				MTL_FAST_MATH = YES;
				ONLY_ACTIVE_ARCH = YES;
				SDKROOT = iphoneos;
				SWIFT_ACTIVE_COMPILATION_CONDITIONS = DEBUG;
				SWIFT_OPTIMIZATION_LEVEL = "-Onone";
			};
			name = Debug;
		};
		2C99A386251451E20054D743 /* Release */ = {
			isa = XCBuildConfiguration;
			buildSettings = {
				ALWAYS_SEARCH_USER_PATHS = NO;
				CLANG_ANALYZER_NONNULL = YES;
				CLANG_ANALYZER_NUMBER_OBJECT_CONVERSION = YES_AGGRESSIVE;
				CLANG_CXX_LANGUAGE_STANDARD = "gnu++14";
				CLANG_CXX_LIBRARY = "libc++";
				CLANG_ENABLE_MODULES = YES;
				CLANG_ENABLE_OBJC_ARC = YES;
				CLANG_ENABLE_OBJC_WEAK = YES;
				CLANG_WARN_BLOCK_CAPTURE_AUTORELEASING = YES;
				CLANG_WARN_BOOL_CONVERSION = YES;
				CLANG_WARN_COMMA = YES;
				CLANG_WARN_CONSTANT_CONVERSION = YES;
				CLANG_WARN_DEPRECATED_OBJC_IMPLEMENTATIONS = YES;
				CLANG_WARN_DIRECT_OBJC_ISA_USAGE = YES_ERROR;
				CLANG_WARN_DOCUMENTATION_COMMENTS = YES;
				CLANG_WARN_EMPTY_BODY = YES;
				CLANG_WARN_ENUM_CONVERSION = YES;
				CLANG_WARN_INFINITE_RECURSION = YES;
				CLANG_WARN_INT_CONVERSION = YES;
				CLANG_WARN_NON_LITERAL_NULL_CONVERSION = YES;
				CLANG_WARN_OBJC_IMPLICIT_RETAIN_SELF = YES;
				CLANG_WARN_OBJC_LITERAL_CONVERSION = YES;
				CLANG_WARN_OBJC_ROOT_CLASS = YES_ERROR;
				CLANG_WARN_QUOTED_INCLUDE_IN_FRAMEWORK_HEADER = YES;
				CLANG_WARN_RANGE_LOOP_ANALYSIS = YES;
				CLANG_WARN_STRICT_PROTOTYPES = YES;
				CLANG_WARN_SUSPICIOUS_MOVE = YES;
				CLANG_WARN_UNGUARDED_AVAILABILITY = YES_AGGRESSIVE;
				CLANG_WARN_UNREACHABLE_CODE = YES;
				CLANG_WARN__DUPLICATE_METHOD_MATCH = YES;
				COPY_PHASE_STRIP = NO;
				DEBUG_INFORMATION_FORMAT = "dwarf-with-dsym";
				ENABLE_NS_ASSERTIONS = NO;
				ENABLE_STRICT_OBJC_MSGSEND = YES;
				GCC_C_LANGUAGE_STANDARD = gnu11;
				GCC_NO_COMMON_BLOCKS = YES;
				GCC_WARN_64_TO_32_BIT_CONVERSION = YES;
				GCC_WARN_ABOUT_RETURN_TYPE = YES_ERROR;
				GCC_WARN_UNDECLARED_SELECTOR = YES;
				GCC_WARN_UNINITIALIZED_AUTOS = YES_AGGRESSIVE;
				GCC_WARN_UNUSED_FUNCTION = YES;
				GCC_WARN_UNUSED_VARIABLE = YES;
				IPHONEOS_DEPLOYMENT_TARGET = 14.0;
				MTL_ENABLE_DEBUG_INFO = NO;
				MTL_FAST_MATH = YES;
				SDKROOT = iphoneos;
				SWIFT_COMPILATION_MODE = wholemodule;
				SWIFT_OPTIMIZATION_LEVEL = "-O";
				VALIDATE_PRODUCT = YES;
			};
			name = Release;
		};
		2C99A388251451E20054D743 /* Debug */ = {
			isa = XCBuildConfiguration;
			buildSettings = {
				ASSETCATALOG_COMPILER_APPICON_NAME = AppIcon;
				ASSETCATALOG_COMPILER_GLOBAL_ACCENT_COLOR_NAME = AccentColor;
				CODE_SIGN_STYLE = Automatic;
				DEVELOPMENT_TEAM = XNDQCF9J27;
				INFOPLIST_FILE = ThankYouTokens/Info.plist;
				LD_RUNPATH_SEARCH_PATHS = (
					"$(inherited)",
					"@executable_path/Frameworks",
				);
				PRODUCT_BUNDLE_IDENTIFIER = com.robinlopez.ThankYouTokens;
				PRODUCT_NAME = "$(TARGET_NAME)";
				SWIFT_VERSION = 5.0;
				TARGETED_DEVICE_FAMILY = "1,2";
			};
			name = Debug;
		};
		2C99A389251451E20054D743 /* Release */ = {
			isa = XCBuildConfiguration;
			buildSettings = {
				ASSETCATALOG_COMPILER_APPICON_NAME = AppIcon;
				ASSETCATALOG_COMPILER_GLOBAL_ACCENT_COLOR_NAME = AccentColor;
				CODE_SIGN_STYLE = Automatic;
				DEVELOPMENT_TEAM = XNDQCF9J27;
				INFOPLIST_FILE = ThankYouTokens/Info.plist;
				LD_RUNPATH_SEARCH_PATHS = (
					"$(inherited)",
					"@executable_path/Frameworks",
				);
				PRODUCT_BUNDLE_IDENTIFIER = com.robinlopez.ThankYouTokens;
				PRODUCT_NAME = "$(TARGET_NAME)";
				SWIFT_VERSION = 5.0;
				TARGETED_DEVICE_FAMILY = "1,2";
			};
			name = Release;
		};
		2C99A38B251451E20054D743 /* Debug */ = {
			isa = XCBuildConfiguration;
			buildSettings = {
				ALWAYS_EMBED_SWIFT_STANDARD_LIBRARIES = YES;
				BUNDLE_LOADER = "$(TEST_HOST)";
				"CODE_SIGN_IDENTITY[sdk=macosx*]" = "Apple Development";
				CODE_SIGN_STYLE = Automatic;
				DEVELOPMENT_TEAM = XNDQCF9J27;
				INFOPLIST_FILE = ThankYouTokensTests/Info.plist;
				IPHONEOS_DEPLOYMENT_TARGET = 14.0;
				LD_RUNPATH_SEARCH_PATHS = (
					"$(inherited)",
					"@executable_path/Frameworks",
					"@loader_path/Frameworks",
				);
				PRODUCT_BUNDLE_IDENTIFIER = com.robinlopez.ThankYouTokensTests;
				PRODUCT_NAME = "$(TARGET_NAME)";
				SWIFT_VERSION = 5.0;
				TARGETED_DEVICE_FAMILY = "1,2";
				TEST_HOST = "$(BUILT_PRODUCTS_DIR)/ThankYouTokens.app/ThankYouTokens";
			};
			name = Debug;
		};
		2C99A38C251451E20054D743 /* Release */ = {
			isa = XCBuildConfiguration;
			buildSettings = {
				ALWAYS_EMBED_SWIFT_STANDARD_LIBRARIES = YES;
				BUNDLE_LOADER = "$(TEST_HOST)";
				"CODE_SIGN_IDENTITY[sdk=macosx*]" = "Apple Development";
				CODE_SIGN_STYLE = Automatic;
				DEVELOPMENT_TEAM = XNDQCF9J27;
				INFOPLIST_FILE = ThankYouTokensTests/Info.plist;
				IPHONEOS_DEPLOYMENT_TARGET = 14.0;
				LD_RUNPATH_SEARCH_PATHS = (
					"$(inherited)",
					"@executable_path/Frameworks",
					"@loader_path/Frameworks",
				);
				PRODUCT_BUNDLE_IDENTIFIER = com.robinlopez.ThankYouTokensTests;
				PRODUCT_NAME = "$(TARGET_NAME)";
				SWIFT_VERSION = 5.0;
				TARGETED_DEVICE_FAMILY = "1,2";
				TEST_HOST = "$(BUILT_PRODUCTS_DIR)/ThankYouTokens.app/ThankYouTokens";
			};
			name = Release;
		};
		2C99A38E251451E20054D743 /* Debug */ = {
			isa = XCBuildConfiguration;
			buildSettings = {
				ALWAYS_EMBED_SWIFT_STANDARD_LIBRARIES = YES;
				CODE_SIGN_STYLE = Automatic;
				DEVELOPMENT_TEAM = XNDQCF9J27;
				INFOPLIST_FILE = ThankYouTokensUITests/Info.plist;
				LD_RUNPATH_SEARCH_PATHS = (
					"$(inherited)",
					"@executable_path/Frameworks",
					"@loader_path/Frameworks",
				);
				PRODUCT_BUNDLE_IDENTIFIER = com.robinlopez.ThankYouTokensUITests;
				PRODUCT_NAME = "$(TARGET_NAME)";
				SWIFT_VERSION = 5.0;
				TARGETED_DEVICE_FAMILY = "1,2";
				TEST_TARGET_NAME = ThankYouTokens;
			};
			name = Debug;
		};
		2C99A38F251451E20054D743 /* Release */ = {
			isa = XCBuildConfiguration;
			buildSettings = {
				ALWAYS_EMBED_SWIFT_STANDARD_LIBRARIES = YES;
				CODE_SIGN_STYLE = Automatic;
				DEVELOPMENT_TEAM = XNDQCF9J27;
				INFOPLIST_FILE = ThankYouTokensUITests/Info.plist;
				LD_RUNPATH_SEARCH_PATHS = (
					"$(inherited)",
					"@executable_path/Frameworks",
					"@loader_path/Frameworks",
				);
				PRODUCT_BUNDLE_IDENTIFIER = com.robinlopez.ThankYouTokensUITests;
				PRODUCT_NAME = "$(TARGET_NAME)";
				SWIFT_VERSION = 5.0;
				TARGETED_DEVICE_FAMILY = "1,2";
				TEST_TARGET_NAME = ThankYouTokens;
			};
			name = Release;
		};
/* End XCBuildConfiguration section */

/* Begin XCConfigurationList section */
		2C99A358251451E00054D743 /* Build configuration list for PBXProject "ThankYouTokens" */ = {
			isa = XCConfigurationList;
			buildConfigurations = (
				2C99A385251451E20054D743 /* Debug */,
				2C99A386251451E20054D743 /* Release */,
			);
			defaultConfigurationIsVisible = 0;
			defaultConfigurationName = Release;
		};
		2C99A387251451E20054D743 /* Build configuration list for PBXNativeTarget "ThankYouTokens" */ = {
			isa = XCConfigurationList;
			buildConfigurations = (
				2C99A388251451E20054D743 /* Debug */,
				2C99A389251451E20054D743 /* Release */,
			);
			defaultConfigurationIsVisible = 0;
			defaultConfigurationName = Release;
		};
		2C99A38A251451E20054D743 /* Build configuration list for PBXNativeTarget "ThankYouTokensTests" */ = {
			isa = XCConfigurationList;
			buildConfigurations = (
				2C99A38B251451E20054D743 /* Debug */,
				2C99A38C251451E20054D743 /* Release */,
			);
			defaultConfigurationIsVisible = 0;
			defaultConfigurationName = Release;
		};
		2C99A38D251451E20054D743 /* Build configuration list for PBXNativeTarget "ThankYouTokensUITests" */ = {
			isa = XCConfigurationList;
			buildConfigurations = (
				2C99A38E251451E20054D743 /* Debug */,
				2C99A38F251451E20054D743 /* Release */,
			);
			defaultConfigurationIsVisible = 0;
			defaultConfigurationName = Release;
		};
/* End XCConfigurationList section */
	};
	rootObject = 2C99A355251451E00054D743 /* Project object */;
}
